// !$*UTF8*$!
{
	archiveVersion = 1;
	classes = {
	};
	objectVersion = 46;
	objects = {

/* Begin PBXBuildFile section */
		9F0503531408D92F00F586E6 /* BetterDictionary.m in Sources */ = {isa = PBXBuildFile; fileRef = 9F0503521408D92F00F586E6 /* BetterDictionary.m */; };
		9F0503911409067700F586E6 /* sidebar-dark.png in Resources */ = {isa = PBXBuildFile; fileRef = 9F05038D1409067700F586E6 /* sidebar-dark.png */; };
		9F0503921409067700F586E6 /* remove.png in Resources */ = {isa = PBXBuildFile; fileRef = 9F05038E1409067700F586E6 /* remove.png */; };
		9F0503931409067700F586E6 /* sidebar-light.png in Resources */ = {isa = PBXBuildFile; fileRef = 9F05038F1409067700F586E6 /* sidebar-light.png */; };
		9F0503941409067700F586E6 /* add.png in Resources */ = {isa = PBXBuildFile; fileRef = 9F0503901409067700F586E6 /* add.png */; };
		9FED757814047E8B008195D4 /* Cocoa.framework in Frameworks */ = {isa = PBXBuildFile; fileRef = 9FED757714047E8B008195D4 /* Cocoa.framework */; };
		9FED758214047E8B008195D4 /* InfoPlist.strings in Resources */ = {isa = PBXBuildFile; fileRef = 9FED758014047E8B008195D4 /* InfoPlist.strings */; };
		9FED759214048038008195D4 /* BetterDictionary_old.m_old in Sources */ = {isa = PBXBuildFile; fileRef = 9FED759114048038008195D4 /* BetterDictionary_old.m_old */; };
/* End PBXBuildFile section */

/* Begin PBXFileReference section */
		9F0503511408D92F00F586E6 /* BetterDictionary.h */ = {isa = PBXFileReference; fileEncoding = 4; lastKnownFileType = sourcecode.c.h; path = BetterDictionary.h; sourceTree = "<group>"; };
		9F0503521408D92F00F586E6 /* BetterDictionary.m */ = {isa = PBXFileReference; fileEncoding = 4; lastKnownFileType = sourcecode.c.objc; path = BetterDictionary.m; sourceTree = "<group>"; };
		9F05038D1409067700F586E6 /* sidebar-dark.png */ = {isa = PBXFileReference; lastKnownFileType = image.png; path = "sidebar-dark.png"; sourceTree = "<group>"; };
		9F05038E1409067700F586E6 /* remove.png */ = {isa = PBXFileReference; lastKnownFileType = image.png; path = remove.png; sourceTree = "<group>"; };
		9F05038F1409067700F586E6 /* sidebar-light.png */ = {isa = PBXFileReference; lastKnownFileType = image.png; path = "sidebar-light.png"; sourceTree = "<group>"; };
		9F0503901409067700F586E6 /* add.png */ = {isa = PBXFileReference; lastKnownFileType = image.png; path = add.png; sourceTree = "<group>"; };
		9FED757414047E8B008195D4 /* BetterDictionary.bundle */ = {isa = PBXFileReference; explicitFileType = wrapper.cfbundle; includeInIndex = 0; path = BetterDictionary.bundle; sourceTree = BUILT_PRODUCTS_DIR; };
		9FED757714047E8B008195D4 /* Cocoa.framework */ = {isa = PBXFileReference; lastKnownFileType = wrapper.framework; name = Cocoa.framework; path = System/Library/Frameworks/Cocoa.framework; sourceTree = SDKROOT; };
		9FED757A14047E8B008195D4 /* AppKit.framework */ = {isa = PBXFileReference; lastKnownFileType = wrapper.framework; name = AppKit.framework; path = System/Library/Frameworks/AppKit.framework; sourceTree = SDKROOT; };
		9FED757B14047E8B008195D4 /* CoreData.framework */ = {isa = PBXFileReference; lastKnownFileType = wrapper.framework; name = CoreData.framework; path = System/Library/Frameworks/CoreData.framework; sourceTree = SDKROOT; };
		9FED757C14047E8B008195D4 /* Foundation.framework */ = {isa = PBXFileReference; lastKnownFileType = wrapper.framework; name = Foundation.framework; path = System/Library/Frameworks/Foundation.framework; sourceTree = SDKROOT; };
		9FED757F14047E8B008195D4 /* BetterDictionary-Info.plist */ = {isa = PBXFileReference; lastKnownFileType = text.plist.xml; path = "BetterDictionary-Info.plist"; sourceTree = "<group>"; };
		9FED758114047E8B008195D4 /* en */ = {isa = PBXFileReference; lastKnownFileType = text.plist.strings; name = en; path = en.lproj/InfoPlist.strings; sourceTree = "<group>"; };
		9FED758314047E8B008195D4 /* BetterDictionary-Prefix.pch */ = {isa = PBXFileReference; lastKnownFileType = sourcecode.c.h; path = "BetterDictionary-Prefix.pch"; sourceTree = "<group>"; };
		9FED759014048038008195D4 /* BetterDictionary_old.h_old */ = {isa = PBXFileReference; fileEncoding = 4; lastKnownFileType = text; path = BetterDictionary_old.h_old; sourceTree = "<group>"; };
		9FED759114048038008195D4 /* BetterDictionary_old.m_old */ = {isa = PBXFileReference; fileEncoding = 4; lastKnownFileType = text; path = BetterDictionary_old.m_old; sourceTree = "<group>"; };
/* End PBXFileReference section */

/* Begin PBXFrameworksBuildPhase section */
		9FED757114047E8B008195D4 /* Frameworks */ = {
			isa = PBXFrameworksBuildPhase;
			buildActionMask = 2147483647;
			files = (
				9FED757814047E8B008195D4 /* Cocoa.framework in Frameworks */,
			);
			runOnlyForDeploymentPostprocessing = 0;
		};
/* End PBXFrameworksBuildPhase section */

/* Begin PBXGroup section */
		9FED756914047E8B008195D4 = {
			isa = PBXGroup;
			children = (
				9FED757D14047E8B008195D4 /* BetterDictionary */,
				9FED757614047E8B008195D4 /* Frameworks */,
				9FED757514047E8B008195D4 /* Products */,
			);
			sourceTree = "<group>";
		};
		9FED757514047E8B008195D4 /* Products */ = {
			isa = PBXGroup;
			children = (
				9FED757414047E8B008195D4 /* BetterDictionary.bundle */,
			);
			name = Products;
			sourceTree = "<group>";
		};
		9FED757614047E8B008195D4 /* Frameworks */ = {
			isa = PBXGroup;
			children = (
				9FED757714047E8B008195D4 /* Cocoa.framework */,
				9FED757914047E8B008195D4 /* Other Frameworks */,
			);
			name = Frameworks;
			sourceTree = "<group>";
		};
		9FED757914047E8B008195D4 /* Other Frameworks */ = {
			isa = PBXGroup;
			children = (
				9FED757A14047E8B008195D4 /* AppKit.framework */,
				9FED757B14047E8B008195D4 /* CoreData.framework */,
				9FED757C14047E8B008195D4 /* Foundation.framework */,
			);
			name = "Other Frameworks";
			sourceTree = "<group>";
		};
		9FED757D14047E8B008195D4 /* BetterDictionary */ = {
			isa = PBXGroup;
			children = (
				9FED757E14047E8B008195D4 /* Supporting Files */,
				9FED759014048038008195D4 /* BetterDictionary_old.h_old */,
				9FED759114048038008195D4 /* BetterDictionary_old.m_old */,
				9F0503511408D92F00F586E6 /* BetterDictionary.h */,
				9F0503521408D92F00F586E6 /* BetterDictionary.m */,
			);
			path = BetterDictionary;
			sourceTree = "<group>";
		};
		9FED757E14047E8B008195D4 /* Supporting Files */ = {
			isa = PBXGroup;
			children = (
				9F05038D1409067700F586E6 /* sidebar-dark.png */,
				9F05038E1409067700F586E6 /* remove.png */,
				9F05038F1409067700F586E6 /* sidebar-light.png */,
				9F0503901409067700F586E6 /* add.png */,
				9FED757F14047E8B008195D4 /* BetterDictionary-Info.plist */,
				9FED758014047E8B008195D4 /* InfoPlist.strings */,
				9FED758314047E8B008195D4 /* BetterDictionary-Prefix.pch */,
			);
			name = "Supporting Files";
			sourceTree = "<group>";
		};
/* End PBXGroup section */

/* Begin PBXNativeTarget section */
		9FED757314047E8B008195D4 /* BetterDictionary */ = {
			isa = PBXNativeTarget;
			buildConfigurationList = 9FED758614047E8B008195D4 /* Build configuration list for PBXNativeTarget "BetterDictionary" */;
			buildPhases = (
				9FED757014047E8B008195D4 /* Sources */,
				9FED757114047E8B008195D4 /* Frameworks */,
				9FED757214047E8B008195D4 /* Resources */,
				9FED758F14047FA9008195D4 /* ShellScript */,
			);
			buildRules = (
			);
			dependencies = (
			);
			name = BetterDictionary;
			productName = BetterDictionary;
			productReference = 9FED757414047E8B008195D4 /* BetterDictionary.bundle */;
			productType = "com.apple.product-type.bundle";
		};
/* End PBXNativeTarget section */

/* Begin PBXProject section */
		9FED756B14047E8B008195D4 /* Project object */ = {
			isa = PBXProject;
			attributes = {
				ORGANIZATIONNAME = "Tehran Polytechnic";
			};
			buildConfigurationList = 9FED756E14047E8B008195D4 /* Build configuration list for PBXProject "BetterDictionary" */;
			compatibilityVersion = "Xcode 3.2";
			developmentRegion = English;
			hasScannedForEncodings = 0;
			knownRegions = (
				en,
			);
			mainGroup = 9FED756914047E8B008195D4;
			productRefGroup = 9FED757514047E8B008195D4 /* Products */;
			projectDirPath = "";
			projectRoot = "";
			targets = (
				9FED757314047E8B008195D4 /* BetterDictionary */,
			);
		};
/* End PBXProject section */

/* Begin PBXResourcesBuildPhase section */
		9FED757214047E8B008195D4 /* Resources */ = {
			isa = PBXResourcesBuildPhase;
			buildActionMask = 2147483647;
			files = (
				9FED758214047E8B008195D4 /* InfoPlist.strings in Resources */,
				9F0503911409067700F586E6 /* sidebar-dark.png in Resources */,
				9F0503921409067700F586E6 /* remove.png in Resources */,
				9F0503931409067700F586E6 /* sidebar-light.png in Resources */,
				9F0503941409067700F586E6 /* add.png in Resources */,
			);
			runOnlyForDeploymentPostprocessing = 0;
		};
/* End PBXResourcesBuildPhase section */

/* Begin PBXShellScriptBuildPhase section */
		9FED758F14047FA9008195D4 /* ShellScript */ = {
			isa = PBXShellScriptBuildPhase;
			buildActionMask = 2147483647;
			files = (
			);
			inputPaths = (
			);
			outputPaths = (
			);
			runOnlyForDeploymentPostprocessing = 0;
			shellPath = /bin/sh;
			shellScript = "# Close all instances of Dictionary.app\nkillall Dictionary\n\n# Remove the existing bundle from SIMBL plugins folder\nrm -rf ~/Library/Application\\ Support/SIMBL/Plugins/${PRODUCT_NAME}.bundle\n\n# Copy the bundle to SIMBL plugins folder\ncp -r ${BUILT_PRODUCTS_DIR}/${PRODUCT_NAME}.bundle ~/Library/Application\\ Support/SIMBL/Plugins/${PRODUCT_NAME}.bundle\n\n# Run Dictionary.app\nopen /Applications/Dictionary.app/";
		};
/* End PBXShellScriptBuildPhase section */

/* Begin PBXSourcesBuildPhase section */
		9FED757014047E8B008195D4 /* Sources */ = {
			isa = PBXSourcesBuildPhase;
			buildActionMask = 2147483647;
			files = (
				9FED759214048038008195D4 /* BetterDictionary_old.m_old in Sources */,
				9F0503531408D92F00F586E6 /* BetterDictionary.m in Sources */,
			);
			runOnlyForDeploymentPostprocessing = 0;
		};
/* End PBXSourcesBuildPhase section */

/* Begin PBXVariantGroup section */
		9FED758014047E8B008195D4 /* InfoPlist.strings */ = {
			isa = PBXVariantGroup;
			children = (
				9FED758114047E8B008195D4 /* en */,
			);
			name = InfoPlist.strings;
			sourceTree = "<group>";
		};
/* End PBXVariantGroup section */

/* Begin XCBuildConfiguration section */
		9FED758414047E8B008195D4 /* Debug */ = {
			isa = XCBuildConfiguration;
			buildSettings = {
				ARCHS = "$(ARCHS_STANDARD_32_64_BIT)";
				GCC_C_LANGUAGE_STANDARD = gnu99;
				GCC_OPTIMIZATION_LEVEL = 0;
				GCC_PREPROCESSOR_DEFINITIONS = DEBUG;
				GCC_SYMBOLS_PRIVATE_EXTERN = NO;
				GCC_VERSION = com.apple.compilers.llvm.clang.1_0;
				GCC_WARN_64_TO_32_BIT_CONVERSION = YES;
				GCC_WARN_ABOUT_RETURN_TYPE = YES;
				GCC_WARN_UNUSED_VARIABLE = YES;
				MACOSX_DEPLOYMENT_TARGET = 10.6;
				ONLY_ACTIVE_ARCH = YES;
				SDKROOT = macosx;
			};
			name = Debug;
		};
		9FED758514047E8B008195D4 /* Release */ = {
			isa = XCBuildConfiguration;
			buildSettings = {
				ARCHS = "$(ARCHS_STANDARD_32_64_BIT)";
				GCC_C_LANGUAGE_STANDARD = gnu99;
				GCC_VERSION = com.apple.compilers.llvm.clang.1_0;
				GCC_WARN_64_TO_32_BIT_CONVERSION = YES;
				GCC_WARN_ABOUT_RETURN_TYPE = YES;
				GCC_WARN_UNUSED_VARIABLE = YES;
				MACOSX_DEPLOYMENT_TARGET = 10.6;
				SDKROOT = macosx;
			};
			name = Release;
		};
		9FED758714047E8B008195D4 /* Debug */ = {
			isa = XCBuildConfiguration;
			buildSettings = {
				ALWAYS_SEARCH_USER_PATHS = NO;
				COPY_PHASE_STRIP = NO;
				GCC_DYNAMIC_NO_PIC = NO;
				GCC_ENABLE_OBJC_EXCEPTIONS = YES;
				GCC_PRECOMPILE_PREFIX_HEADER = YES;
				GCC_PREFIX_HEADER = "BetterDictionary/BetterDictionary-Prefix.pch";
				INFOPLIST_FILE = "BetterDictionary/BetterDictionary-Info.plist";
				INSTALL_PATH = "$(LOCAL_LIBRARY_DIR)/Bundles";
				PRODUCT_NAME = "$(TARGET_NAME)";
				WRAPPER_EXTENSION = bundle;
			};
			name = Debug;
		};
		9FED758814047E8B008195D4 /* Release */ = {
			isa = XCBuildConfiguration;
			buildSettings = {
				ALWAYS_SEARCH_USER_PATHS = NO;
				COPY_PHASE_STRIP = YES;
				DEBUG_INFORMATION_FORMAT = "dwarf-with-dsym";
				GCC_ENABLE_OBJC_EXCEPTIONS = YES;
				GCC_PRECOMPILE_PREFIX_HEADER = YES;
				GCC_PREFIX_HEADER = "BetterDictionary/BetterDictionary-Prefix.pch";
				INFOPLIST_FILE = "BetterDictionary/BetterDictionary-Info.plist";
				INSTALL_PATH = "$(LOCAL_LIBRARY_DIR)/Bundles";
				PRODUCT_NAME = "$(TARGET_NAME)";
				WRAPPER_EXTENSION = bundle;
			};
			name = Release;
		};
/* End XCBuildConfiguration section */

/* Begin XCConfigurationList section */
		9FED756E14047E8B008195D4 /* Build configuration list for PBXProject "BetterDictionary" */ = {
			isa = XCConfigurationList;
			buildConfigurations = (
				9FED758414047E8B008195D4 /* Debug */,
				9FED758514047E8B008195D4 /* Release */,
			);
			defaultConfigurationIsVisible = 0;
			defaultConfigurationName = Release;
		};
		9FED758614047E8B008195D4 /* Build configuration list for PBXNativeTarget "BetterDictionary" */ = {
			isa = XCConfigurationList;
			buildConfigurations = (
				9FED758714047E8B008195D4 /* Debug */,
				9FED758814047E8B008195D4 /* Release */,
			);
			defaultConfigurationIsVisible = 0;
			defaultConfigurationName = Release;
		};
/* End XCConfigurationList section */
	};
	rootObject = 9FED756B14047E8B008195D4 /* Project object */;
}
